// !$*UTF8*$!
{
	archiveVersion = 1;
	classes = {
	};
	objectVersion = 46;
	objects = {

/* Begin PBXBuildFile section */
		9C1AAA621C8FCD8E0027BB2E /* main.m in Sources */ = {isa = PBXBuildFile; fileRef = 9C1AAA611C8FCD8E0027BB2E /* main.m */; };
		9C1AAA651C8FCD8E0027BB2E /* AppDelegate.m in Sources */ = {isa = PBXBuildFile; fileRef = 9C1AAA641C8FCD8E0027BB2E /* AppDelegate.m */; };
		9C1AAA681C8FCD8F0027BB2E /* ViewController.m in Sources */ = {isa = PBXBuildFile; fileRef = 9C1AAA671C8FCD8F0027BB2E /* ViewController.m */; };
		9C1AAA6B1C8FCD8F0027BB2E /* Main.storyboard in Resources */ = {isa = PBXBuildFile; fileRef = 9C1AAA691C8FCD8F0027BB2E /* Main.storyboard */; };
		9C1AAA6D1C8FCD8F0027BB2E /* Assets.xcassets in Resources */ = {isa = PBXBuildFile; fileRef = 9C1AAA6C1C8FCD8F0027BB2E /* Assets.xcassets */; };
		9C1AAA701C8FCD8F0027BB2E /* LaunchScreen.storyboard in Resources */ = {isa = PBXBuildFile; fileRef = 9C1AAA6E1C8FCD8F0027BB2E /* LaunchScreen.storyboard */; };
		9C1AAA7B1C8FCD8F0027BB2E /* CI_testTests.m in Sources */ = {isa = PBXBuildFile; fileRef = 9C1AAA7A1C8FCD8F0027BB2E /* CI_testTests.m */; };
		9C1AAA861C8FCD8F0027BB2E /* CI_testUITests.m in Sources */ = {isa = PBXBuildFile; fileRef = 9C1AAA851C8FCD8F0027BB2E /* CI_testUITests.m */; };
		9C1AAA971C90024F0027BB2E /* .travis.yml in Resources */ = {isa = PBXBuildFile; fileRef = 9C1AAA961C90024F0027BB2E /* .travis.yml */; };
/* End PBXBuildFile section */

/* Begin PBXContainerItemProxy section */
		9C1AAA771C8FCD8F0027BB2E /* PBXContainerItemProxy */ = {
			isa = PBXContainerItemProxy;
			containerPortal = 9C1AAA551C8FCD8E0027BB2E /* Project object */;
			proxyType = 1;
			remoteGlobalIDString = 9C1AAA5C1C8FCD8E0027BB2E;
			remoteInfo = "CI-test";
		};
		9C1AAA821C8FCD8F0027BB2E /* PBXContainerItemProxy */ = {
			isa = PBXContainerItemProxy;
			containerPortal = 9C1AAA551C8FCD8E0027BB2E /* Project object */;
			proxyType = 1;
			remoteGlobalIDString = 9C1AAA5C1C8FCD8E0027BB2E;
			remoteInfo = "CI-test";
		};
/* End PBXContainerItemProxy section */

/* Begin PBXFileReference section */
		9C1AAA5D1C8FCD8E0027BB2E /* CI-test.app */ = {isa = PBXFileReference; explicitFileType = wrapper.application; includeInIndex = 0; path = "CI-test.app"; sourceTree = BUILT_PRODUCTS_DIR; };
		9C1AAA611C8FCD8E0027BB2E /* main.m */ = {isa = PBXFileReference; lastKnownFileType = sourcecode.c.objc; path = main.m; sourceTree = "<group>"; };
		9C1AAA631C8FCD8E0027BB2E /* AppDelegate.h */ = {isa = PBXFileReference; lastKnownFileType = sourcecode.c.h; path = AppDelegate.h; sourceTree = "<group>"; };
		9C1AAA641C8FCD8E0027BB2E /* AppDelegate.m */ = {isa = PBXFileReference; lastKnownFileType = sourcecode.c.objc; path = AppDelegate.m; sourceTree = "<group>"; };
		9C1AAA661C8FCD8E0027BB2E /* ViewController.h */ = {isa = PBXFileReference; lastKnownFileType = sourcecode.c.h; path = ViewController.h; sourceTree = "<group>"; };
		9C1AAA671C8FCD8F0027BB2E /* ViewController.m */ = {isa = PBXFileReference; lastKnownFileType = sourcecode.c.objc; path = ViewController.m; sourceTree = "<group>"; };
		9C1AAA6A1C8FCD8F0027BB2E /* Base */ = {isa = PBXFileReference; lastKnownFileType = file.storyboard; name = Base; path = Base.lproj/Main.storyboard; sourceTree = "<group>"; };
		9C1AAA6C1C8FCD8F0027BB2E /* Assets.xcassets */ = {isa = PBXFileReference; lastKnownFileType = folder.assetcatalog; path = Assets.xcassets; sourceTree = "<group>"; };
		9C1AAA6F1C8FCD8F0027BB2E /* Base */ = {isa = PBXFileReference; lastKnownFileType = file.storyboard; name = Base; path = Base.lproj/LaunchScreen.storyboard; sourceTree = "<group>"; };
		9C1AAA711C8FCD8F0027BB2E /* Info.plist */ = {isa = PBXFileReference; lastKnownFileType = text.plist.xml; path = Info.plist; sourceTree = "<group>"; };
		9C1AAA761C8FCD8F0027BB2E /* CI-testTests.xctest */ = {isa = PBXFileReference; explicitFileType = wrapper.cfbundle; includeInIndex = 0; path = "CI-testTests.xctest"; sourceTree = BUILT_PRODUCTS_DIR; };
		9C1AAA7A1C8FCD8F0027BB2E /* CI_testTests.m */ = {isa = PBXFileReference; lastKnownFileType = sourcecode.c.objc; path = CI_testTests.m; sourceTree = "<group>"; };
		9C1AAA7C1C8FCD8F0027BB2E /* Info.plist */ = {isa = PBXFileReference; lastKnownFileType = text.plist.xml; path = Info.plist; sourceTree = "<group>"; };
		9C1AAA811C8FCD8F0027BB2E /* CI-testUITests.xctest */ = {isa = PBXFileReference; explicitFileType = wrapper.cfbundle; includeInIndex = 0; path = "CI-testUITests.xctest"; sourceTree = BUILT_PRODUCTS_DIR; };
		9C1AAA851C8FCD8F0027BB2E /* CI_testUITests.m */ = {isa = PBXFileReference; lastKnownFileType = sourcecode.c.objc; path = CI_testUITests.m; sourceTree = "<group>"; };
		9C1AAA871C8FCD8F0027BB2E /* Info.plist */ = {isa = PBXFileReference; lastKnownFileType = text.plist.xml; path = Info.plist; sourceTree = "<group>"; };
		9C1AAA961C90024F0027BB2E /* .travis.yml */ = {isa = PBXFileReference; fileEncoding = 4; lastKnownFileType = text; path = .travis.yml; sourceTree = "<group>"; };
/* End PBXFileReference section */

/* Begin PBXFrameworksBuildPhase section */
		9C1AAA5A1C8FCD8E0027BB2E /* Frameworks */ = {
			isa = PBXFrameworksBuildPhase;
			buildActionMask = 2147483647;
			files = (
			);
			runOnlyForDeploymentPostprocessing = 0;
		};
		9C1AAA731C8FCD8F0027BB2E /* Frameworks */ = {
			isa = PBXFrameworksBuildPhase;
			buildActionMask = 2147483647;
			files = (
			);
			runOnlyForDeploymentPostprocessing = 0;
		};
		9C1AAA7E1C8FCD8F0027BB2E /* Frameworks */ = {
			isa = PBXFrameworksBuildPhase;
			buildActionMask = 2147483647;
			files = (
			);
			runOnlyForDeploymentPostprocessing = 0;
		};
/* End PBXFrameworksBuildPhase section */

/* Begin PBXGroup section */
		9C1AAA541C8FCD8E0027BB2E = {
			isa = PBXGroup;
			children = (
				9C1AAA961C90024F0027BB2E /* .travis.yml */,
				9C1AAA5F1C8FCD8E0027BB2E /* CI-test */,
				9C1AAA791C8FCD8F0027BB2E /* CI-testTests */,
				9C1AAA841C8FCD8F0027BB2E /* CI-testUITests */,
				9C1AAA5E1C8FCD8E0027BB2E /* Products */,
			);
			sourceTree = "<group>";
		};
		9C1AAA5E1C8FCD8E0027BB2E /* Products */ = {
			isa = PBXGroup;
			children = (
				9C1AAA5D1C8FCD8E0027BB2E /* CI-test.app */,
				9C1AAA761C8FCD8F0027BB2E /* CI-testTests.xctest */,
				9C1AAA811C8FCD8F0027BB2E /* CI-testUITests.xctest */,
			);
			name = Products;
			sourceTree = "<group>";
		};
		9C1AAA5F1C8FCD8E0027BB2E /* CI-test */ = {
			isa = PBXGroup;
			children = (
				9C1AAA631C8FCD8E0027BB2E /* AppDelegate.h */,
				9C1AAA641C8FCD8E0027BB2E /* AppDelegate.m */,
				9C1AAA661C8FCD8E0027BB2E /* ViewController.h */,
				9C1AAA671C8FCD8F0027BB2E /* ViewController.m */,
				9C1AAA691C8FCD8F0027BB2E /* Main.storyboard */,
				9C1AAA6C1C8FCD8F0027BB2E /* Assets.xcassets */,
				9C1AAA6E1C8FCD8F0027BB2E /* LaunchScreen.storyboard */,
				9C1AAA711C8FCD8F0027BB2E /* Info.plist */,
				9C1AAA601C8FCD8E0027BB2E /* Supporting Files */,
			);
			path = "CI-test";
			sourceTree = "<group>";
		};
		9C1AAA601C8FCD8E0027BB2E /* Supporting Files */ = {
			isa = PBXGroup;
			children = (
				9C1AAA611C8FCD8E0027BB2E /* main.m */,
			);
			name = "Supporting Files";
			sourceTree = "<group>";
		};
		9C1AAA791C8FCD8F0027BB2E /* CI-testTests */ = {
			isa = PBXGroup;
			children = (
				9C1AAA7A1C8FCD8F0027BB2E /* CI_testTests.m */,
				9C1AAA7C1C8FCD8F0027BB2E /* Info.plist */,
			);
			path = "CI-testTests";
			sourceTree = "<group>";
		};
		9C1AAA841C8FCD8F0027BB2E /* CI-testUITests */ = {
			isa = PBXGroup;
			children = (
				9C1AAA851C8FCD8F0027BB2E /* CI_testUITests.m */,
				9C1AAA871C8FCD8F0027BB2E /* Info.plist */,
			);
			path = "CI-testUITests";
			sourceTree = "<group>";
		};
/* End PBXGroup section */

/* Begin PBXNativeTarget section */
		9C1AAA5C1C8FCD8E0027BB2E /* CI-test */ = {
			isa = PBXNativeTarget;
			buildConfigurationList = 9C1AAA8A1C8FCD8F0027BB2E /* Build configuration list for PBXNativeTarget "CI-test" */;
			buildPhases = (
				9C1AAA591C8FCD8E0027BB2E /* Sources */,
				9C1AAA5A1C8FCD8E0027BB2E /* Frameworks */,
				9C1AAA5B1C8FCD8E0027BB2E /* Resources */,
			);
			buildRules = (
			);
			dependencies = (
			);
			name = "CI-test";
			productName = "CI-test";
			productReference = 9C1AAA5D1C8FCD8E0027BB2E /* CI-test.app */;
			productType = "com.apple.product-type.application";
		};
		9C1AAA751C8FCD8F0027BB2E /* CI-testTests */ = {
			isa = PBXNativeTarget;
			buildConfigurationList = 9C1AAA8D1C8FCD8F0027BB2E /* Build configuration list for PBXNativeTarget "CI-testTests" */;
			buildPhases = (
				9C1AAA721C8FCD8F0027BB2E /* Sources */,
				9C1AAA731C8FCD8F0027BB2E /* Frameworks */,
				9C1AAA741C8FCD8F0027BB2E /* Resources */,
			);
			buildRules = (
			);
			dependencies = (
				9C1AAA781C8FCD8F0027BB2E /* PBXTargetDependency */,
			);
			name = "CI-testTests";
			productName = "CI-testTests";
			productReference = 9C1AAA761C8FCD8F0027BB2E /* CI-testTests.xctest */;
			productType = "com.apple.product-type.bundle.unit-test";
		};
		9C1AAA801C8FCD8F0027BB2E /* CI-testUITests */ = {
			isa = PBXNativeTarget;
			buildConfigurationList = 9C1AAA901C8FCD8F0027BB2E /* Build configuration list for PBXNativeTarget "CI-testUITests" */;
			buildPhases = (
				9C1AAA7D1C8FCD8F0027BB2E /* Sources */,
				9C1AAA7E1C8FCD8F0027BB2E /* Frameworks */,
				9C1AAA7F1C8FCD8F0027BB2E /* Resources */,
			);
			buildRules = (
			);
			dependencies = (
				9C1AAA831C8FCD8F0027BB2E /* PBXTargetDependency */,
			);
			name = "CI-testUITests";
			productName = "CI-testUITests";
			productReference = 9C1AAA811C8FCD8F0027BB2E /* CI-testUITests.xctest */;
			productType = "com.apple.product-type.bundle.ui-testing";
		};
/* End PBXNativeTarget section */

/* Begin PBXProject section */
		9C1AAA551C8FCD8E0027BB2E /* Project object */ = {
			isa = PBXProject;
			attributes = {
				LastUpgradeCheck = 0720;
				ORGANIZATIONNAME = "林智敏";
				TargetAttributes = {
					9C1AAA5C1C8FCD8E0027BB2E = {
						CreatedOnToolsVersion = 7.2.1;
						DevelopmentTeam = 8T4PNLXJ4E;
					};
					9C1AAA751C8FCD8F0027BB2E = {
						CreatedOnToolsVersion = 7.2.1;
						TestTargetID = 9C1AAA5C1C8FCD8E0027BB2E;
					};
					9C1AAA801C8FCD8F0027BB2E = {
						CreatedOnToolsVersion = 7.2.1;
						TestTargetID = 9C1AAA5C1C8FCD8E0027BB2E;
					};
				};
			};
			buildConfigurationList = 9C1AAA581C8FCD8E0027BB2E /* Build configuration list for PBXProject "CI-test" */;
			compatibilityVersion = "Xcode 3.2";
			developmentRegion = English;
			hasScannedForEncodings = 0;
			knownRegions = (
				en,
				Base,
			);
			mainGroup = 9C1AAA541C8FCD8E0027BB2E;
			productRefGroup = 9C1AAA5E1C8FCD8E0027BB2E /* Products */;
			projectDirPath = "";
			projectRoot = "";
			targets = (
				9C1AAA5C1C8FCD8E0027BB2E /* CI-test */,
				9C1AAA751C8FCD8F0027BB2E /* CI-testTests */,
				9C1AAA801C8FCD8F0027BB2E /* CI-testUITests */,
			);
		};
/* End PBXProject section */

/* Begin PBXResourcesBuildPhase section */
		9C1AAA5B1C8FCD8E0027BB2E /* Resources */ = {
			isa = PBXResourcesBuildPhase;
			buildActionMask = 2147483647;
			files = (
				9C1AAA701C8FCD8F0027BB2E /* LaunchScreen.storyboard in Resources */,
				9C1AAA6D1C8FCD8F0027BB2E /* Assets.xcassets in Resources */,
				9C1AAA971C90024F0027BB2E /* .travis.yml in Resources */,
				9C1AAA6B1C8FCD8F0027BB2E /* Main.storyboard in Resources */,
			);
			runOnlyForDeploymentPostprocessing = 0;
		};
		9C1AAA741C8FCD8F0027BB2E /* Resources */ = {
			isa = PBXResourcesBuildPhase;
			buildActionMask = 2147483647;
			files = (
			);
			runOnlyForDeploymentPostprocessing = 0;
		};
		9C1AAA7F1C8FCD8F0027BB2E /* Resources */ = {
			isa = PBXResourcesBuildPhase;
			buildActionMask = 2147483647;
			files = (
			);
			runOnlyForDeploymentPostprocessing = 0;
		};
/* End PBXResourcesBuildPhase section */

/* Begin PBXSourcesBuildPhase section */
		9C1AAA591C8FCD8E0027BB2E /* Sources */ = {
			isa = PBXSourcesBuildPhase;
			buildActionMask = 2147483647;
			files = (
				9C1AAA681C8FCD8F0027BB2E /* ViewController.m in Sources */,
				9C1AAA651C8FCD8E0027BB2E /* AppDelegate.m in Sources */,
				9C1AAA621C8FCD8E0027BB2E /* main.m in Sources */,
			);
			runOnlyForDeploymentPostprocessing = 0;
		};
		9C1AAA721C8FCD8F0027BB2E /* Sources */ = {
			isa = PBXSourcesBuildPhase;
			buildActionMask = 2147483647;
			files = (
				9C1AAA7B1C8FCD8F0027BB2E /* CI_testTests.m in Sources */,
			);
			runOnlyForDeploymentPostprocessing = 0;
		};
		9C1AAA7D1C8FCD8F0027BB2E /* Sources */ = {
			isa = PBXSourcesBuildPhase;
			buildActionMask = 2147483647;
			files = (
				9C1AAA861C8FCD8F0027BB2E /* CI_testUITests.m in Sources */,
			);
			runOnlyForDeploymentPostprocessing = 0;
		};
/* End PBXSourcesBuildPhase section */

/* Begin PBXTargetDependency section */
		9C1AAA781C8FCD8F0027BB2E /* PBXTargetDependency */ = {
			isa = PBXTargetDependency;
			target = 9C1AAA5C1C8FCD8E0027BB2E /* CI-test */;
			targetProxy = 9C1AAA771C8FCD8F0027BB2E /* PBXContainerItemProxy */;
		};
		9C1AAA831C8FCD8F0027BB2E /* PBXTargetDependency */ = {
			isa = PBXTargetDependency;
			target = 9C1AAA5C1C8FCD8E0027BB2E /* CI-test */;
			targetProxy = 9C1AAA821C8FCD8F0027BB2E /* PBXContainerItemProxy */;
		};
/* End PBXTargetDependency section */

/* Begin PBXVariantGroup section */
		9C1AAA691C8FCD8F0027BB2E /* Main.storyboard */ = {
			isa = PBXVariantGroup;
			children = (
				9C1AAA6A1C8FCD8F0027BB2E /* Base */,
			);
			name = Main.storyboard;
			sourceTree = "<group>";
		};
		9C1AAA6E1C8FCD8F0027BB2E /* LaunchScreen.storyboard */ = {
			isa = PBXVariantGroup;
			children = (
				9C1AAA6F1C8FCD8F0027BB2E /* Base */,
			);
			name = LaunchScreen.storyboard;
			sourceTree = "<group>";
		};
/* End PBXVariantGroup section */

/* Begin XCBuildConfiguration section */
		9C1AAA881C8FCD8F0027BB2E /* Debug */ = {
			isa = XCBuildConfiguration;
			buildSettings = {
				ALWAYS_SEARCH_USER_PATHS = NO;
				CLANG_CXX_LANGUAGE_STANDARD = "gnu++0x";
				CLANG_CXX_LIBRARY = "libc++";
				CLANG_ENABLE_MODULES = YES;
				CLANG_ENABLE_OBJC_ARC = YES;
				CLANG_WARN_BOOL_CONVERSION = YES;
				CLANG_WARN_CONSTANT_CONVERSION = YES;
				CLANG_WARN_DIRECT_OBJC_ISA_USAGE = YES_ERROR;
				CLANG_WARN_EMPTY_BODY = YES;
				CLANG_WARN_ENUM_CONVERSION = YES;
				CLANG_WARN_INT_CONVERSION = YES;
				CLANG_WARN_OBJC_ROOT_CLASS = YES_ERROR;
				CLANG_WARN_UNREACHABLE_CODE = YES;
				CLANG_WARN__DUPLICATE_METHOD_MATCH = YES;
				"CODE_SIGN_IDENTITY[sdk=iphoneos*]" = "iPhone Developer";
				COPY_PHASE_STRIP = NO;
				DEBUG_INFORMATION_FORMAT = dwarf;
				ENABLE_STRICT_OBJC_MSGSEND = YES;
				ENABLE_TESTABILITY = YES;
				GCC_C_LANGUAGE_STANDARD = gnu99;
				GCC_DYNAMIC_NO_PIC = NO;
				GCC_NO_COMMON_BLOCKS = YES;
				GCC_OPTIMIZATION_LEVEL = 0;
				GCC_PREPROCESSOR_DEFINITIONS = (
					"DEBUG=1",
					"$(inherited)",
				);
				GCC_WARN_64_TO_32_BIT_CONVERSION = YES;
				GCC_WARN_ABOUT_RETURN_TYPE = YES_ERROR;
				GCC_WARN_UNDECLARED_SELECTOR = YES;
				GCC_WARN_UNINITIALIZED_AUTOS = YES_AGGRESSIVE;
				GCC_WARN_UNUSED_FUNCTION = YES;
				GCC_WARN_UNUSED_VARIABLE = YES;
				IPHONEOS_DEPLOYMENT_TARGET = 9.2;
				MTL_ENABLE_DEBUG_INFO = YES;
				ONLY_ACTIVE_ARCH = YES;
				SDKROOT = iphoneos;
				TARGETED_DEVICE_FAMILY = "1,2";
			};
			name = Debug;
		};
		9C1AAA891C8FCD8F0027BB2E /* Release */ = {
			isa = XCBuildConfiguration;
			buildSettings = {
				ALWAYS_SEARCH_USER_PATHS = NO;
				CLANG_CXX_LANGUAGE_STANDARD = "gnu++0x";
				CLANG_CXX_LIBRARY = "libc++";
				CLANG_ENABLE_MODULES = YES;
				CLANG_ENABLE_OBJC_ARC = YES;
				CLANG_WARN_BOOL_CONVERSION = YES;
				CLANG_WARN_CONSTANT_CONVERSION = YES;
				CLANG_WARN_DIRECT_OBJC_ISA_USAGE = YES_ERROR;
				CLANG_WARN_EMPTY_BODY = YES;
				CLANG_WARN_ENUM_CONVERSION = YES;
				CLANG_WARN_INT_CONVERSION = YES;
				CLANG_WARN_OBJC_ROOT_CLASS = YES_ERROR;
				CLANG_WARN_UNREACHABLE_CODE = YES;
				CLANG_WARN__DUPLICATE_METHOD_MATCH = YES;
				"CODE_SIGN_IDENTITY[sdk=iphoneos*]" = "iPhone Developer";
				COPY_PHASE_STRIP = NO;
				DEBUG_INFORMATION_FORMAT = "dwarf-with-dsym";
				ENABLE_NS_ASSERTIONS = NO;
				ENABLE_STRICT_OBJC_MSGSEND = YES;
				GCC_C_LANGUAGE_STANDARD = gnu99;
				GCC_NO_COMMON_BLOCKS = YES;
				GCC_WARN_64_TO_32_BIT_CONVERSION = YES;
				GCC_WARN_ABOUT_RETURN_TYPE = YES_ERROR;
				GCC_WARN_UNDECLARED_SELECTOR = YES;
				GCC_WARN_UNINITIALIZED_AUTOS = YES_AGGRESSIVE;
				GCC_WARN_UNUSED_FUNCTION = YES;
				GCC_WARN_UNUSED_VARIABLE = YES;
				IPHONEOS_DEPLOYMENT_TARGET = 9.2;
				MTL_ENABLE_DEBUG_INFO = NO;
				SDKROOT = iphoneos;
				TARGETED_DEVICE_FAMILY = "1,2";
				VALIDATE_PRODUCT = YES;
			};
			name = Release;
		};
		9C1AAA8B1C8FCD8F0027BB2E /* Debug */ = {
			isa = XCBuildConfiguration;
			buildSettings = {
				ASSETCATALOG_COMPILER_APPICON_NAME = AppIcon;
				CODE_SIGN_IDENTITY = "iPhone Developer: 智敏 林 (79D6ZAXF5B)";
				INFOPLIST_FILE = "CI-test/Info.plist";
				LD_RUNPATH_SEARCH_PATHS = "$(inherited) @executable_path/Frameworks";
				PRODUCT_BUNDLE_IDENTIFIER = "qianhai.CI-test";
				PRODUCT_NAME = "$(TARGET_NAME)";
				PROVISIONING_PROFILE = "0b87c044-87d8-414b-82e2-c0722decfdb9";
			};
			name = Debug;
		};
		9C1AAA8C1C8FCD8F0027BB2E /* Release */ = {
			isa = XCBuildConfiguration;
			buildSettings = {
				ASSETCATALOG_COMPILER_APPICON_NAME = AppIcon;
				CODE_SIGN_IDENTITY = "iPhone Developer: 智敏 林 (79D6ZAXF5B)";
				INFOPLIST_FILE = "CI-test/Info.plist";
				LD_RUNPATH_SEARCH_PATHS = "$(inherited) @executable_path/Frameworks";
				PRODUCT_BUNDLE_IDENTIFIER = "qianhai.CI-test";
				PRODUCT_NAME = "$(TARGET_NAME)";
				PROVISIONING_PROFILE = "0b87c044-87d8-414b-82e2-c0722decfdb9";
			};
			name = Release;
		};
		9C1AAA8E1C8FCD8F0027BB2E /* Debug */ = {
			isa = XCBuildConfiguration;
			buildSettings = {
				BUNDLE_LOADER = "$(TEST_HOST)";
				INFOPLIST_FILE = "CI-testTests/Info.plist";
				LD_RUNPATH_SEARCH_PATHS = "$(inherited) @executable_path/Frameworks @loader_path/Frameworks";
				PRODUCT_BUNDLE_IDENTIFIER = "qianhai.CI-testTests";
				PRODUCT_NAME = "$(TARGET_NAME)";
				TEST_HOST = "$(BUILT_PRODUCTS_DIR)/CI-test.app/CI-test";
			};
			name = Debug;
		};
		9C1AAA8F1C8FCD8F0027BB2E /* Release */ = {
			isa = XCBuildConfiguration;
			buildSettings = {
				BUNDLE_LOADER = "$(TEST_HOST)";
				INFOPLIST_FILE = "CI-testTests/Info.plist";
				LD_RUNPATH_SEARCH_PATHS = "$(inherited) @executable_path/Frameworks @loader_path/Frameworks";
				PRODUCT_BUNDLE_IDENTIFIER = "qianhai.CI-testTests";
				PRODUCT_NAME = "$(TARGET_NAME)";
				TEST_HOST = "$(BUILT_PRODUCTS_DIR)/CI-test.app/CI-test";
			};
			name = Release;
		};
		9C1AAA911C8FCD8F0027BB2E /* Debug */ = {
			isa = XCBuildConfiguration;
			buildSettings = {
				INFOPLIST_FILE = "CI-testUITests/Info.plist";
				LD_RUNPATH_SEARCH_PATHS = "$(inherited) @executable_path/Frameworks @loader_path/Frameworks";
				PRODUCT_BUNDLE_IDENTIFIER = "qianhai.CI-testUITests";
				PRODUCT_NAME = "$(TARGET_NAME)";
				TEST_TARGET_NAME = "CI-test";
				USES_XCTRUNNER = YES;
			};
			name = Debug;
		};
		9C1AAA921C8FCD8F0027BB2E /* Release */ = {
			isa = XCBuildConfiguration;
			buildSettings = {
				INFOPLIST_FILE = "CI-testUITests/Info.plist";
				LD_RUNPATH_SEARCH_PATHS = "$(inherited) @executable_path/Frameworks @loader_path/Frameworks";
				PRODUCT_BUNDLE_IDENTIFIER = "qianhai.CI-testUITests";
				PRODUCT_NAME = "$(TARGET_NAME)";
				TEST_TARGET_NAME = "CI-test";
				USES_XCTRUNNER = YES;
			};
			name = Release;
		};
/* End XCBuildConfiguration section */

/* Begin XCConfigurationList section */
		9C1AAA581C8FCD8E0027BB2E /* Build configuration list for PBXProject "CI-test" */ = {
			isa = XCConfigurationList;
			buildConfigurations = (
				9C1AAA881C8FCD8F0027BB2E /* Debug */,
				9C1AAA891C8FCD8F0027BB2E /* Release */,
			);
			defaultConfigurationIsVisible = 0;
			defaultConfigurationName = Release;
		};
		9C1AAA8A1C8FCD8F0027BB2E /* Build configuration list for PBXNativeTarget "CI-test" */ = {
			isa = XCConfigurationList;
			buildConfigurations = (
				9C1AAA8B1C8FCD8F0027BB2E /* Debug */,
				9C1AAA8C1C8FCD8F0027BB2E /* Release */,
			);
			defaultConfigurationIsVisible = 0;
			defaultConfigurationName = Release;
		};
		9C1AAA8D1C8FCD8F0027BB2E /* Build configuration list for PBXNativeTarget "CI-testTests" */ = {
			isa = XCConfigurationList;
			buildConfigurations = (
				9C1AAA8E1C8FCD8F0027BB2E /* Debug */,
				9C1AAA8F1C8FCD8F0027BB2E /* Release */,
			);
			defaultConfigurationIsVisible = 0;
			defaultConfigurationName = Release;
		};
		9C1AAA901C8FCD8F0027BB2E /* Build configuration list for PBXNativeTarget "CI-testUITests" */ = {
			isa = XCConfigurationList;
			buildConfigurations = (
				9C1AAA911C8FCD8F0027BB2E /* Debug */,
				9C1AAA921C8FCD8F0027BB2E /* Release */,
			);
			defaultConfigurationIsVisible = 0;
			defaultConfigurationName = Release;
		};
/* End XCConfigurationList section */
	};
	rootObject = 9C1AAA551C8FCD8E0027BB2E /* Project object */;
}
